
Microsoft Visual Studio Solution File, Format Version 12.00
# Visual Studio Version 17
VisualStudioVersion = 17.0.31912.275
MinimumVisualStudioVersion = 10.0.40219.1
Project("{9A19103F-16F7-4668-BE54-9A1E7A4F7556}") = "Trying", "Trying\Trying.csproj", "{FB4B7D51-5693-49D0-BCD9-A1C128EF92EC}"
EndProject
Global
	GlobalSection(SolutionConfigurationPlatforms) = preSolution
		Debug|Any CPU = Debug|Any CPU
		Release|Any CPU = Release|Any CPU
	EndGlobalSection
	GlobalSection(ProjectConfigurationPlatforms) = postSolution
		{FB4B7D51-5693-49D0-BCD9-A1C128EF92EC}.Debug|Any CPU.ActiveCfg = Debug|Any CPU
		{FB4B7D51-5693-49D0-BCD9-A1C128EF92EC}.Debug|Any CPU.Build.0 = Debug|Any CPU
		{FB4B7D51-5693-49D0-BCD9-A1C128EF92EC}.Release|Any CPU.ActiveCfg = Release|Any CPU
		{FB4B7D51-5693-49D0-BCD9-A1C128EF92EC}.Release|Any CPU.Build.0 = Release|Any CPU
	EndGlobalSection
	GlobalSection(SolutionProperties) = preSolution
		HideSolutionNode = FALSE
	EndGlobalSection
	GlobalSection(ExtensibilityGlobals) = postSolution
		SolutionGuid = {0B0DA72F-BC2E-4D79-83B5-7E2ECAF69CC5}
	EndGlobalSection
EndGlobal
